
Microsoft Visual Studio Solution File, Format Version 12.00
# Visual Studio 15
VisualStudioVersion = 15.0.27703.2042
MinimumVisualStudioVersion = 10.0.40219.1
Project("{9A19103F-16F7-4668-BE54-9A1E7A4F7556}") = "EmployeeManagement", "EmployeeManagement\EmployeeManagement.csproj", "{2AEBF3B4-8258-4324-8F12-D386FADDEB4C}"
EndProject
Project("{FAE04EC0-301F-11D3-BF4B-00C04F79EFBC}") = "EmployeeManagement.DataAccess", "EmployeeManagement.DataAccess\EmployeeManagement.DataAccess.csproj", "{7B8CAF00-CB16-4958-A01C-AFCDDF963621}"
EndProject
Global
	GlobalSection(SolutionConfigurationPlatforms) = preSolution
		Debug|Any CPU = Debug|Any CPU
		Release|Any CPU = Release|Any CPU
	EndGlobalSection
	GlobalSection(ProjectConfigurationPlatforms) = postSolution
		{2AEBF3B4-8258-4324-8F12-D386FADDEB4C}.Debug|Any CPU.ActiveCfg = Debug|Any CPU
		{2AEBF3B4-8258-4324-8F12-D386FADDEB4C}.Debug|Any CPU.Build.0 = Debug|Any CPU
		{2AEBF3B4-8258-4324-8F12-D386FADDEB4C}.Release|Any CPU.ActiveCfg = Release|Any CPU
		{2AEBF3B4-8258-4324-8F12-D386FADDEB4C}.Release|Any CPU.Build.0 = Release|Any CPU
		{7B8CAF00-CB16-4958-A01C-AFCDDF963621}.Debug|Any CPU.ActiveCfg = Debug|Any CPU
		{7B8CAF00-CB16-4958-A01C-AFCDDF963621}.Debug|Any CPU.Build.0 = Debug|Any CPU
		{7B8CAF00-CB16-4958-A01C-AFCDDF963621}.Release|Any CPU.ActiveCfg = Release|Any CPU
		{7B8CAF00-CB16-4958-A01C-AFCDDF963621}.Release|Any CPU.Build.0 = Release|Any CPU
	EndGlobalSection
	GlobalSection(SolutionProperties) = preSolution
		HideSolutionNode = FALSE
	EndGlobalSection
	GlobalSection(ExtensibilityGlobals) = postSolution
		SolutionGuid = {65A8B426-AB59-4FCA-A617-4FC1005B2F0E}
	EndGlobalSection
EndGlobal
